
Microsoft Visual Studio Solution File, Format Version 12.00
# Visual Studio Version 17
VisualStudioVersion = 17.13.35931.197
MinimumVisualStudioVersion = 10.0.40219.1
Project("{FAE04EC0-301F-11D3-BF4B-00C04F79EFBC}") = "Auth", "Hosts\Auth\Auth.csproj", "{35DA9DBB-8AE3-412E-B878-D2DEAAE3780C}"
EndProject
Project("{FAE04EC0-301F-11D3-BF4B-00C04F79EFBC}") = "Api", "Hosts\Api\Api.csproj", "{F9222B91-99B7-2420-265D-E51F0CE78C78}"
EndProject
Project("{FAE04EC0-301F-11D3-BF4B-00C04F79EFBC}") = "Domain", "Core\Domain\Domain.csproj", "{6A98429B-D5D8-4402-AE99-4E58821457FE}"
EndProject
Project("{FAE04EC0-301F-11D3-BF4B-00C04F79EFBC}") = "Persistence", "Infrastructure\Persistence\Persistence.csproj", "{F7C27E7A-D309-42C8-96BB-9784C40E1B7D}"
EndProject
Project("{FAE04EC0-301F-11D3-BF4B-00C04F79EFBC}") = "Application", "Core\Application\Application.csproj", "{2BE511E7-EBA2-4368-957D-22EFFBD2E90B}"
EndProject
Project("{2150E333-8FDC-42A3-9474-1A3956D46DE8}") = "Source", "Source", "{02EA681E-C7D8-13C7-8484-4AC65E1B71E8}"
EndProject
Project("{FAE04EC0-301F-11D3-BF4B-00C04F79EFBC}") = "BuildingBlocks", "BuildingBlocks\BuildingBlocks\BuildingBlocks.csproj", "{058229C0-9FCE-4313-80DA-D8082DCD77D9}"
EndProject
Project("{FAE04EC0-301F-11D3-BF4B-00C04F79EFBC}") = "AI", "Infrastructure\AI\AI.csproj", "{4A6F1B2C-9D55-4E0C-9B41-7E5F2E4D1A33}"
EndProject
Project("{FAE04EC0-301F-11D3-BF4B-00C04F79EFBC}") = "Validation", "BuildingBlocks\Validation\Validation.csproj", "{7FCD7744-93DE-479D-80E5-98BF71A16FD0}"
EndProject
Project("{2150E333-8FDC-42A3-9474-1A3956D46DE8}") = "Tests", "Tests", "{0AB3BF05-4346-4AA6-1389-037BE0695223}"
EndProject
Project("{FAE04EC0-301F-11D3-BF4B-00C04F79EFBC}") = "Validation.Tests", "Tests\Validation.Tests\Validation.Tests.csproj", "{BBA3E7F2-C725-41D6-A66A-F11CC212776E}"
EndProject
Project("{FAE04EC0-301F-11D3-BF4B-00C04F79EFBC}") = "Architecture.Tests", "Tests\Architecture.Tests\Architecture.Tests.csproj", "{83E29F5E-5186-466C-B1D8-D08EC3C854F7}"
EndProject
Project("{2150E333-8FDC-42A3-9474-1A3956D46DE8}") = "Core", "Core", "{FBF56CC3-7AE6-AD2D-3F14-7F97FD322CD6}"
EndProject
Project("{FAE04EC0-301F-11D3-BF4B-00C04F79EFBC}") = "Contracts", "Core\Contracts\Contracts.csproj", "{9ADB10D8-42B9-45DA-9C55-84721F638CE8}"
EndProject
Project("{2150E333-8FDC-42A3-9474-1A3956D46DE8}") = "Infrastructure", "Infrastructure", "{DFEE68D8-A7D0-1A41-506C-9B74AA9A7B7B}"
EndProject
Project("{FAE04EC0-301F-11D3-BF4B-00C04F79EFBC}") = "Integration", "Infrastructure\Integration\Integration.csproj", "{D0D80E57-965D-48D7-A6E6-DFA1BAB7FFAA}"
EndProject
Project("{FAE04EC0-301F-11D3-BF4B-00C04F79EFBC}") = "Integration.Tests", "Tests\Integration.Tests\Integration.Tests.csproj", "{B5DA4D4E-C853-4A33-A43E-2BFA7BB8F86E}"
EndProject
Project("{FAE04EC0-301F-11D3-BF4B-00C04F79EFBC}") = "Domain.Tests", "Tests\Domain.Tests\Domain.Tests.csproj", "{1D2E47EB-F8BA-45AD-8FAC-6214B0790A59}"
EndProject
Project("{FAE04EC0-301F-11D3-BF4B-00C04F79EFBC}") = "Application.Tests", "Tests\Application.Tests\Application.Tests.csproj", "{469FFD16-705E-4CBB-AF3A-B7E42DEBAD34}"
EndProject
Project("{FAE04EC0-301F-11D3-BF4B-00C04F79EFBC}") = "Api.Tests", "Tests\Api.Tests\Api.Tests.csproj", "{DBF27F4F-2333-425E-B64F-F4A23C81C9EA}"
EndProject
Project("{FAE04EC0-301F-11D3-BF4B-00C04F79EFBC}") = "Auth.Tests", "Tests\Auth.Tests\Auth.Tests.csproj", "{F6521B6A-EDEA-4C54-B926-BC62C1E42B2F}"
EndProject
Global
	GlobalSection(SolutionConfigurationPlatforms) = preSolution
		Debug|Any CPU = Debug|Any CPU
		Debug|x64 = Debug|x64
		Debug|x86 = Debug|x86
		Release|Any CPU = Release|Any CPU
		Release|x64 = Release|x64
		Release|x86 = Release|x86
	EndGlobalSection
	GlobalSection(ProjectConfigurationPlatforms) = postSolution
		{35DA9DBB-8AE3-412E-B878-D2DEAAE3780C}.Debug|Any CPU.ActiveCfg = Debug|Any CPU
		{35DA9DBB-8AE3-412E-B878-D2DEAAE3780C}.Debug|Any CPU.Build.0 = Debug|Any CPU
		{35DA9DBB-8AE3-412E-B878-D2DEAAE3780C}.Debug|x64.ActiveCfg = Debug|Any CPU
		{35DA9DBB-8AE3-412E-B878-D2DEAAE3780C}.Debug|x64.Build.0 = Debug|Any CPU
		{35DA9DBB-8AE3-412E-B878-D2DEAAE3780C}.Debug|x86.ActiveCfg = Debug|Any CPU
		{35DA9DBB-8AE3-412E-B878-D2DEAAE3780C}.Debug|x86.Build.0 = Debug|Any CPU
		{35DA9DBB-8AE3-412E-B878-D2DEAAE3780C}.Release|Any CPU.ActiveCfg = Release|Any CPU
		{35DA9DBB-8AE3-412E-B878-D2DEAAE3780C}.Release|Any CPU.Build.0 = Release|Any CPU
		{35DA9DBB-8AE3-412E-B878-D2DEAAE3780C}.Release|x64.ActiveCfg = Release|Any CPU
		{35DA9DBB-8AE3-412E-B878-D2DEAAE3780C}.Release|x64.Build.0 = Release|Any CPU
		{35DA9DBB-8AE3-412E-B878-D2DEAAE3780C}.Release|x86.ActiveCfg = Release|Any CPU
		{35DA9DBB-8AE3-412E-B878-D2DEAAE3780C}.Release|x86.Build.0 = Release|Any CPU
		{F9222B91-99B7-2420-265D-E51F0CE78C78}.Debug|Any CPU.ActiveCfg = Debug|Any CPU
		{F9222B91-99B7-2420-265D-E51F0CE78C78}.Debug|Any CPU.Build.0 = Debug|Any CPU
		{F9222B91-99B7-2420-265D-E51F0CE78C78}.Debug|x64.ActiveCfg = Debug|Any CPU
		{F9222B91-99B7-2420-265D-E51F0CE78C78}.Debug|x64.Build.0 = Debug|Any CPU
		{F9222B91-99B7-2420-265D-E51F0CE78C78}.Debug|x86.ActiveCfg = Debug|Any CPU
		{F9222B91-99B7-2420-265D-E51F0CE78C78}.Debug|x86.Build.0 = Debug|Any CPU
		{F9222B91-99B7-2420-265D-E51F0CE78C78}.Release|Any CPU.ActiveCfg = Release|Any CPU
		{F9222B91-99B7-2420-265D-E51F0CE78C78}.Release|Any CPU.Build.0 = Release|Any CPU
		{F9222B91-99B7-2420-265D-E51F0CE78C78}.Release|x64.ActiveCfg = Release|Any CPU
		{F9222B91-99B7-2420-265D-E51F0CE78C78}.Release|x64.Build.0 = Release|Any CPU
		{F9222B91-99B7-2420-265D-E51F0CE78C78}.Release|x86.ActiveCfg = Release|Any CPU
		{F9222B91-99B7-2420-265D-E51F0CE78C78}.Release|x86.Build.0 = Release|Any CPU
		{6A98429B-D5D8-4402-AE99-4E58821457FE}.Debug|Any CPU.ActiveCfg = Debug|Any CPU
		{6A98429B-D5D8-4402-AE99-4E58821457FE}.Debug|Any CPU.Build.0 = Debug|Any CPU
		{6A98429B-D5D8-4402-AE99-4E58821457FE}.Debug|x64.ActiveCfg = Debug|Any CPU
		{6A98429B-D5D8-4402-AE99-4E58821457FE}.Debug|x64.Build.0 = Debug|Any CPU
		{6A98429B-D5D8-4402-AE99-4E58821457FE}.Debug|x86.ActiveCfg = Debug|Any CPU
		{6A98429B-D5D8-4402-AE99-4E58821457FE}.Debug|x86.Build.0 = Debug|Any CPU
		{6A98429B-D5D8-4402-AE99-4E58821457FE}.Release|Any CPU.ActiveCfg = Release|Any CPU
		{6A98429B-D5D8-4402-AE99-4E58821457FE}.Release|Any CPU.Build.0 = Release|Any CPU
		{6A98429B-D5D8-4402-AE99-4E58821457FE}.Release|x64.ActiveCfg = Release|Any CPU
		{6A98429B-D5D8-4402-AE99-4E58821457FE}.Release|x64.Build.0 = Release|Any CPU
		{6A98429B-D5D8-4402-AE99-4E58821457FE}.Release|x86.ActiveCfg = Release|Any CPU
		{6A98429B-D5D8-4402-AE99-4E58821457FE}.Release|x86.Build.0 = Release|Any CPU
		{F7C27E7A-D309-42C8-96BB-9784C40E1B7D}.Debug|Any CPU.ActiveCfg = Debug|Any CPU
		{F7C27E7A-D309-42C8-96BB-9784C40E1B7D}.Debug|Any CPU.Build.0 = Debug|Any CPU
		{F7C27E7A-D309-42C8-96BB-9784C40E1B7D}.Debug|x64.ActiveCfg = Debug|Any CPU
		{F7C27E7A-D309-42C8-96BB-9784C40E1B7D}.Debug|x64.Build.0 = Debug|Any CPU
		{F7C27E7A-D309-42C8-96BB-9784C40E1B7D}.Debug|x86.ActiveCfg = Debug|Any CPU
		{F7C27E7A-D309-42C8-96BB-9784C40E1B7D}.Debug|x86.Build.0 = Debug|Any CPU
		{F7C27E7A-D309-42C8-96BB-9784C40E1B7D}.Release|Any CPU.ActiveCfg = Release|Any CPU
		{F7C27E7A-D309-42C8-96BB-9784C40E1B7D}.Release|Any CPU.Build.0 = Release|Any CPU
		{F7C27E7A-D309-42C8-96BB-9784C40E1B7D}.Release|x64.ActiveCfg = Release|Any CPU
		{F7C27E7A-D309-42C8-96BB-9784C40E1B7D}.Release|x64.Build.0 = Release|Any CPU
		{F7C27E7A-D309-42C8-96BB-9784C40E1B7D}.Release|x86.ActiveCfg = Release|Any CPU
		{F7C27E7A-D309-42C8-96BB-9784C40E1B7D}.Release|x86.Build.0 = Release|Any CPU
		{2BE511E7-EBA2-4368-957D-22EFFBD2E90B}.Debug|Any CPU.ActiveCfg = Debug|Any CPU
		{2BE511E7-EBA2-4368-957D-22EFFBD2E90B}.Debug|Any CPU.Build.0 = Debug|Any CPU
		{2BE511E7-EBA2-4368-957D-22EFFBD2E90B}.Debug|x64.ActiveCfg = Debug|Any CPU
		{2BE511E7-EBA2-4368-957D-22EFFBD2E90B}.Debug|x64.Build.0 = Debug|Any CPU
		{2BE511E7-EBA2-4368-957D-22EFFBD2E90B}.Debug|x86.ActiveCfg = Debug|Any CPU
		{2BE511E7-EBA2-4368-957D-22EFFBD2E90B}.Debug|x86.Build.0 = Debug|Any CPU
		{2BE511E7-EBA2-4368-957D-22EFFBD2E90B}.Release|Any CPU.ActiveCfg = Release|Any CPU
		{2BE511E7-EBA2-4368-957D-22EFFBD2E90B}.Release|Any CPU.Build.0 = Release|Any CPU
		{2BE511E7-EBA2-4368-957D-22EFFBD2E90B}.Release|x64.ActiveCfg = Release|Any CPU
		{2BE511E7-EBA2-4368-957D-22EFFBD2E90B}.Release|x64.Build.0 = Release|Any CPU
		{2BE511E7-EBA2-4368-957D-22EFFBD2E90B}.Release|x86.ActiveCfg = Release|Any CPU
		{2BE511E7-EBA2-4368-957D-22EFFBD2E90B}.Release|x86.Build.0 = Release|Any CPU
		{058229C0-9FCE-4313-80DA-D8082DCD77D9}.Debug|Any CPU.ActiveCfg = Debug|Any CPU
		{058229C0-9FCE-4313-80DA-D8082DCD77D9}.Debug|Any CPU.Build.0 = Debug|Any CPU
		{058229C0-9FCE-4313-80DA-D8082DCD77D9}.Debug|x64.ActiveCfg = Debug|Any CPU
		{058229C0-9FCE-4313-80DA-D8082DCD77D9}.Debug|x64.Build.0 = Debug|Any CPU
		{058229C0-9FCE-4313-80DA-D8082DCD77D9}.Debug|x86.ActiveCfg = Debug|Any CPU
		{058229C0-9FCE-4313-80DA-D8082DCD77D9}.Debug|x86.Build.0 = Debug|Any CPU
		{058229C0-9FCE-4313-80DA-D8082DCD77D9}.Release|Any CPU.ActiveCfg = Release|Any CPU
		{058229C0-9FCE-4313-80DA-D8082DCD77D9}.Release|Any CPU.Build.0 = Release|Any CPU
		{058229C0-9FCE-4313-80DA-D8082DCD77D9}.Release|x64.ActiveCfg = Release|Any CPU
		{058229C0-9FCE-4313-80DA-D8082DCD77D9}.Release|x64.Build.0 = Release|Any CPU
		{058229C0-9FCE-4313-80DA-D8082DCD77D9}.Release|x86.ActiveCfg = Release|Any CPU
		{058229C0-9FCE-4313-80DA-D8082DCD77D9}.Release|x86.Build.0 = Release|Any CPU
		{4A6F1B2C-9D55-4E0C-9B41-7E5F2E4D1A33}.Debug|Any CPU.ActiveCfg = Debug|Any CPU
		{4A6F1B2C-9D55-4E0C-9B41-7E5F2E4D1A33}.Debug|Any CPU.Build.0 = Debug|Any CPU
		{4A6F1B2C-9D55-4E0C-9B41-7E5F2E4D1A33}.Debug|x64.ActiveCfg = Debug|Any CPU
		{4A6F1B2C-9D55-4E0C-9B41-7E5F2E4D1A33}.Debug|x64.Build.0 = Debug|Any CPU
		{4A6F1B2C-9D55-4E0C-9B41-7E5F2E4D1A33}.Debug|x86.ActiveCfg = Debug|Any CPU
		{4A6F1B2C-9D55-4E0C-9B41-7E5F2E4D1A33}.Debug|x86.Build.0 = Debug|Any CPU
		{4A6F1B2C-9D55-4E0C-9B41-7E5F2E4D1A33}.Release|Any CPU.ActiveCfg = Release|Any CPU
		{4A6F1B2C-9D55-4E0C-9B41-7E5F2E4D1A33}.Release|Any CPU.Build.0 = Release|Any CPU
		{4A6F1B2C-9D55-4E0C-9B41-7E5F2E4D1A33}.Release|x64.ActiveCfg = Release|Any CPU
		{4A6F1B2C-9D55-4E0C-9B41-7E5F2E4D1A33}.Release|x64.Build.0 = Release|Any CPU
		{4A6F1B2C-9D55-4E0C-9B41-7E5F2E4D1A33}.Release|x86.ActiveCfg = Release|Any CPU
		{4A6F1B2C-9D55-4E0C-9B41-7E5F2E4D1A33}.Release|x86.Build.0 = Release|Any CPU
		{7FCD7744-93DE-479D-80E5-98BF71A16FD0}.Debug|Any CPU.ActiveCfg = Debug|Any CPU
		{7FCD7744-93DE-479D-80E5-98BF71A16FD0}.Debug|Any CPU.Build.0 = Debug|Any CPU
		{7FCD7744-93DE-479D-80E5-98BF71A16FD0}.Debug|x64.ActiveCfg = Debug|Any CPU
		{7FCD7744-93DE-479D-80E5-98BF71A16FD0}.Debug|x64.Build.0 = Debug|Any CPU
		{7FCD7744-93DE-479D-80E5-98BF71A16FD0}.Debug|x86.ActiveCfg = Debug|Any CPU
		{7FCD7744-93DE-479D-80E5-98BF71A16FD0}.Debug|x86.Build.0 = Debug|Any CPU
		{7FCD7744-93DE-479D-80E5-98BF71A16FD0}.Release|Any CPU.ActiveCfg = Release|Any CPU
		{7FCD7744-93DE-479D-80E5-98BF71A16FD0}.Release|Any CPU.Build.0 = Release|Any CPU
		{7FCD7744-93DE-479D-80E5-98BF71A16FD0}.Release|x64.ActiveCfg = Release|Any CPU
		{7FCD7744-93DE-479D-80E5-98BF71A16FD0}.Release|x64.Build.0 = Release|Any CPU
		{7FCD7744-93DE-479D-80E5-98BF71A16FD0}.Release|x86.ActiveCfg = Release|Any CPU
		{7FCD7744-93DE-479D-80E5-98BF71A16FD0}.Release|x86.Build.0 = Release|Any CPU
		{BBA3E7F2-C725-41D6-A66A-F11CC212776E}.Debug|Any CPU.ActiveCfg = Debug|Any CPU
		{BBA3E7F2-C725-41D6-A66A-F11CC212776E}.Debug|Any CPU.Build.0 = Debug|Any CPU
		{BBA3E7F2-C725-41D6-A66A-F11CC212776E}.Debug|x64.ActiveCfg = Debug|Any CPU
		{BBA3E7F2-C725-41D6-A66A-F11CC212776E}.Debug|x64.Build.0 = Debug|Any CPU
		{BBA3E7F2-C725-41D6-A66A-F11CC212776E}.Debug|x86.ActiveCfg = Debug|Any CPU
		{BBA3E7F2-C725-41D6-A66A-F11CC212776E}.Debug|x86.Build.0 = Debug|Any CPU
		{BBA3E7F2-C725-41D6-A66A-F11CC212776E}.Release|Any CPU.ActiveCfg = Release|Any CPU
		{BBA3E7F2-C725-41D6-A66A-F11CC212776E}.Release|Any CPU.Build.0 = Release|Any CPU
		{BBA3E7F2-C725-41D6-A66A-F11CC212776E}.Release|x64.ActiveCfg = Release|Any CPU
		{BBA3E7F2-C725-41D6-A66A-F11CC212776E}.Release|x64.Build.0 = Release|Any CPU
		{BBA3E7F2-C725-41D6-A66A-F11CC212776E}.Release|x86.ActiveCfg = Release|Any CPU
		{BBA3E7F2-C725-41D6-A66A-F11CC212776E}.Release|x86.Build.0 = Release|Any CPU
		{83E29F5E-5186-466C-B1D8-D08EC3C854F7}.Debug|Any CPU.ActiveCfg = Debug|Any CPU
		{83E29F5E-5186-466C-B1D8-D08EC3C854F7}.Debug|Any CPU.Build.0 = Debug|Any CPU
		{83E29F5E-5186-466C-B1D8-D08EC3C854F7}.Debug|x64.ActiveCfg = Debug|Any CPU
		{83E29F5E-5186-466C-B1D8-D08EC3C854F7}.Debug|x64.Build.0 = Debug|Any CPU
		{83E29F5E-5186-466C-B1D8-D08EC3C854F7}.Debug|x86.ActiveCfg = Debug|Any CPU
		{83E29F5E-5186-466C-B1D8-D08EC3C854F7}.Debug|x86.Build.0 = Debug|Any CPU
		{83E29F5E-5186-466C-B1D8-D08EC3C854F7}.Release|Any CPU.ActiveCfg = Release|Any CPU
		{83E29F5E-5186-466C-B1D8-D08EC3C854F7}.Release|Any CPU.Build.0 = Release|Any CPU
		{83E29F5E-5186-466C-B1D8-D08EC3C854F7}.Release|x64.ActiveCfg = Release|Any CPU
		{83E29F5E-5186-466C-B1D8-D08EC3C854F7}.Release|x64.Build.0 = Release|Any CPU
		{83E29F5E-5186-466C-B1D8-D08EC3C854F7}.Release|x86.ActiveCfg = Release|Any CPU
		{83E29F5E-5186-466C-B1D8-D08EC3C854F7}.Release|x86.Build.0 = Release|Any CPU
		{9ADB10D8-42B9-45DA-9C55-84721F638CE8}.Debug|Any CPU.ActiveCfg = Debug|Any CPU
		{9ADB10D8-42B9-45DA-9C55-84721F638CE8}.Debug|Any CPU.Build.0 = Debug|Any CPU
		{9ADB10D8-42B9-45DA-9C55-84721F638CE8}.Debug|x64.ActiveCfg = Debug|Any CPU
		{9ADB10D8-42B9-45DA-9C55-84721F638CE8}.Debug|x64.Build.0 = Debug|Any CPU
		{9ADB10D8-42B9-45DA-9C55-84721F638CE8}.Debug|x86.ActiveCfg = Debug|Any CPU
		{9ADB10D8-42B9-45DA-9C55-84721F638CE8}.Debug|x86.Build.0 = Debug|Any CPU
		{9ADB10D8-42B9-45DA-9C55-84721F638CE8}.Release|Any CPU.ActiveCfg = Release|Any CPU
		{9ADB10D8-42B9-45DA-9C55-84721F638CE8}.Release|Any CPU.Build.0 = Release|Any CPU
		{9ADB10D8-42B9-45DA-9C55-84721F638CE8}.Release|x64.ActiveCfg = Release|Any CPU
		{9ADB10D8-42B9-45DA-9C55-84721F638CE8}.Release|x64.Build.0 = Release|Any CPU
		{9ADB10D8-42B9-45DA-9C55-84721F638CE8}.Release|x86.ActiveCfg = Release|Any CPU
		{9ADB10D8-42B9-45DA-9C55-84721F638CE8}.Release|x86.Build.0 = Release|Any CPU
		{D0D80E57-965D-48D7-A6E6-DFA1BAB7FFAA}.Debug|Any CPU.ActiveCfg = Debug|Any CPU
		{D0D80E57-965D-48D7-A6E6-DFA1BAB7FFAA}.Debug|Any CPU.Build.0 = Debug|Any CPU
		{D0D80E57-965D-48D7-A6E6-DFA1BAB7FFAA}.Debug|x64.ActiveCfg = Debug|Any CPU
		{D0D80E57-965D-48D7-A6E6-DFA1BAB7FFAA}.Debug|x64.Build.0 = Debug|Any CPU
		{D0D80E57-965D-48D7-A6E6-DFA1BAB7FFAA}.Debug|x86.ActiveCfg = Debug|Any CPU
		{D0D80E57-965D-48D7-A6E6-DFA1BAB7FFAA}.Debug|x86.Build.0 = Debug|Any CPU
		{D0D80E57-965D-48D7-A6E6-DFA1BAB7FFAA}.Release|Any CPU.ActiveCfg = Release|Any CPU
		{D0D80E57-965D-48D7-A6E6-DFA1BAB7FFAA}.Release|Any CPU.Build.0 = Release|Any CPU
		{D0D80E57-965D-48D7-A6E6-DFA1BAB7FFAA}.Release|x64.ActiveCfg = Release|Any CPU
		{D0D80E57-965D-48D7-A6E6-DFA1BAB7FFAA}.Release|x64.Build.0 = Release|Any CPU
		{D0D80E57-965D-48D7-A6E6-DFA1BAB7FFAA}.Release|x86.ActiveCfg = Release|Any CPU
		{D0D80E57-965D-48D7-A6E6-DFA1BAB7FFAA}.Release|x86.Build.0 = Release|Any CPU
		{B5DA4D4E-C853-4A33-A43E-2BFA7BB8F86E}.Debug|Any CPU.ActiveCfg = Debug|Any CPU
		{B5DA4D4E-C853-4A33-A43E-2BFA7BB8F86E}.Debug|Any CPU.Build.0 = Debug|Any CPU
		{B5DA4D4E-C853-4A33-A43E-2BFA7BB8F86E}.Debug|x64.ActiveCfg = Debug|Any CPU
		{B5DA4D4E-C853-4A33-A43E-2BFA7BB8F86E}.Debug|x64.Build.0 = Debug|Any CPU
		{B5DA4D4E-C853-4A33-A43E-2BFA7BB8F86E}.Debug|x86.ActiveCfg = Debug|Any CPU
		{B5DA4D4E-C853-4A33-A43E-2BFA7BB8F86E}.Debug|x86.Build.0 = Debug|Any CPU
		{B5DA4D4E-C853-4A33-A43E-2BFA7BB8F86E}.Release|Any CPU.ActiveCfg = Release|Any CPU
		{B5DA4D4E-C853-4A33-A43E-2BFA7BB8F86E}.Release|Any CPU.Build.0 = Release|Any CPU
		{B5DA4D4E-C853-4A33-A43E-2BFA7BB8F86E}.Release|x64.ActiveCfg = Release|Any CPU
		{B5DA4D4E-C853-4A33-A43E-2BFA7BB8F86E}.Release|x64.Build.0 = Release|Any CPU
		{B5DA4D4E-C853-4A33-A43E-2BFA7BB8F86E}.Release|x86.ActiveCfg = Release|Any CPU
		{B5DA4D4E-C853-4A33-A43E-2BFA7BB8F86E}.Release|x86.Build.0 = Release|Any CPU
		{1D2E47EB-F8BA-45AD-8FAC-6214B0790A59}.Debug|Any CPU.ActiveCfg = Debug|Any CPU
		{1D2E47EB-F8BA-45AD-8FAC-6214B0790A59}.Debug|Any CPU.Build.0 = Debug|Any CPU
		{1D2E47EB-F8BA-45AD-8FAC-6214B0790A59}.Debug|x64.ActiveCfg = Debug|Any CPU
		{1D2E47EB-F8BA-45AD-8FAC-6214B0790A59}.Debug|x64.Build.0 = Debug|Any CPU
		{1D2E47EB-F8BA-45AD-8FAC-6214B0790A59}.Debug|x86.ActiveCfg = Debug|Any CPU
		{1D2E47EB-F8BA-45AD-8FAC-6214B0790A59}.Debug|x86.Build.0 = Debug|Any CPU
		{1D2E47EB-F8BA-45AD-8FAC-6214B0790A59}.Release|Any CPU.ActiveCfg = Release|Any CPU
		{1D2E47EB-F8BA-45AD-8FAC-6214B0790A59}.Release|Any CPU.Build.0 = Release|Any CPU
		{1D2E47EB-F8BA-45AD-8FAC-6214B0790A59}.Release|x64.ActiveCfg = Release|Any CPU
		{1D2E47EB-F8BA-45AD-8FAC-6214B0790A59}.Release|x64.Build.0 = Release|Any CPU
		{1D2E47EB-F8BA-45AD-8FAC-6214B0790A59}.Release|x86.ActiveCfg = Release|Any CPU
		{1D2E47EB-F8BA-45AD-8FAC-6214B0790A59}.Release|x86.Build.0 = Release|Any CPU
		{469FFD16-705E-4CBB-AF3A-B7E42DEBAD34}.Debug|Any CPU.ActiveCfg = Debug|Any CPU
		{469FFD16-705E-4CBB-AF3A-B7E42DEBAD34}.Debug|Any CPU.Build.0 = Debug|Any CPU
		{469FFD16-705E-4CBB-AF3A-B7E42DEBAD34}.Debug|x64.ActiveCfg = Debug|Any CPU
		{469FFD16-705E-4CBB-AF3A-B7E42DEBAD34}.Debug|x64.Build.0 = Debug|Any CPU
		{469FFD16-705E-4CBB-AF3A-B7E42DEBAD34}.Debug|x86.ActiveCfg = Debug|Any CPU
		{469FFD16-705E-4CBB-AF3A-B7E42DEBAD34}.Debug|x86.Build.0 = Debug|Any CPU
		{469FFD16-705E-4CBB-AF3A-B7E42DEBAD34}.Release|Any CPU.ActiveCfg = Release|Any CPU
		{469FFD16-705E-4CBB-AF3A-B7E42DEBAD34}.Release|Any CPU.Build.0 = Release|Any CPU
		{469FFD16-705E-4CBB-AF3A-B7E42DEBAD34}.Release|x64.ActiveCfg = Release|Any CPU
		{469FFD16-705E-4CBB-AF3A-B7E42DEBAD34}.Release|x64.Build.0 = Release|Any CPU
		{469FFD16-705E-4CBB-AF3A-B7E42DEBAD34}.Release|x86.ActiveCfg = Release|Any CPU
		{469FFD16-705E-4CBB-AF3A-B7E42DEBAD34}.Release|x86.Build.0 = Release|Any CPU
		{DBF27F4F-2333-425E-B64F-F4A23C81C9EA}.Debug|Any CPU.ActiveCfg = Debug|Any CPU
		{DBF27F4F-2333-425E-B64F-F4A23C81C9EA}.Debug|Any CPU.Build.0 = Debug|Any CPU
		{DBF27F4F-2333-425E-B64F-F4A23C81C9EA}.Debug|x64.ActiveCfg = Debug|Any CPU
		{DBF27F4F-2333-425E-B64F-F4A23C81C9EA}.Debug|x64.Build.0 = Debug|Any CPU
		{DBF27F4F-2333-425E-B64F-F4A23C81C9EA}.Debug|x86.ActiveCfg = Debug|Any CPU
		{DBF27F4F-2333-425E-B64F-F4A23C81C9EA}.Debug|x86.Build.0 = Debug|Any CPU
		{DBF27F4F-2333-425E-B64F-F4A23C81C9EA}.Release|Any CPU.ActiveCfg = Release|Any CPU
		{DBF27F4F-2333-425E-B64F-F4A23C81C9EA}.Release|Any CPU.Build.0 = Release|Any CPU
		{DBF27F4F-2333-425E-B64F-F4A23C81C9EA}.Release|x64.ActiveCfg = Release|Any CPU
		{DBF27F4F-2333-425E-B64F-F4A23C81C9EA}.Release|x64.Build.0 = Release|Any CPU
		{DBF27F4F-2333-425E-B64F-F4A23C81C9EA}.Release|x86.ActiveCfg = Release|Any CPU
		{DBF27F4F-2333-425E-B64F-F4A23C81C9EA}.Release|x86.Build.0 = Release|Any CPU
		{F6521B6A-EDEA-4C54-B926-BC62C1E42B2F}.Debug|Any CPU.ActiveCfg = Debug|Any CPU
		{F6521B6A-EDEA-4C54-B926-BC62C1E42B2F}.Debug|Any CPU.Build.0 = Debug|Any CPU
		{F6521B6A-EDEA-4C54-B926-BC62C1E42B2F}.Debug|x64.ActiveCfg = Debug|Any CPU
		{F6521B6A-EDEA-4C54-B926-BC62C1E42B2F}.Debug|x64.Build.0 = Debug|Any CPU
		{F6521B6A-EDEA-4C54-B926-BC62C1E42B2F}.Debug|x86.ActiveCfg = Debug|Any CPU
		{F6521B6A-EDEA-4C54-B926-BC62C1E42B2F}.Debug|x86.Build.0 = Debug|Any CPU
		{F6521B6A-EDEA-4C54-B926-BC62C1E42B2F}.Release|Any CPU.ActiveCfg = Release|Any CPU
		{F6521B6A-EDEA-4C54-B926-BC62C1E42B2F}.Release|Any CPU.Build.0 = Release|Any CPU
		{F6521B6A-EDEA-4C54-B926-BC62C1E42B2F}.Release|x64.ActiveCfg = Release|Any CPU
		{F6521B6A-EDEA-4C54-B926-BC62C1E42B2F}.Release|x64.Build.0 = Release|Any CPU
		{F6521B6A-EDEA-4C54-B926-BC62C1E42B2F}.Release|x86.ActiveCfg = Release|Any CPU
		{F6521B6A-EDEA-4C54-B926-BC62C1E42B2F}.Release|x86.Build.0 = Release|Any CPU
	EndGlobalSection
	GlobalSection(SolutionProperties) = preSolution
		HideSolutionNode = FALSE
	EndGlobalSection
	GlobalSection(NestedProjects) = preSolution
		{6A98429B-D5D8-4402-AE99-4E58821457FE} = {02EA681E-C7D8-13C7-8484-4AC65E1B71E8}
		{F7C27E7A-D309-42C8-96BB-9784C40E1B7D} = {02EA681E-C7D8-13C7-8484-4AC65E1B71E8}
		{2BE511E7-EBA2-4368-957D-22EFFBD2E90B} = {02EA681E-C7D8-13C7-8484-4AC65E1B71E8}
		{058229C0-9FCE-4313-80DA-D8082DCD77D9} = {02EA681E-C7D8-13C7-8484-4AC65E1B71E8}
		{4A6F1B2C-9D55-4E0C-9B41-7E5F2E4D1A33} = {02EA681E-C7D8-13C7-8484-4AC65E1B71E8}
		{7FCD7744-93DE-479D-80E5-98BF71A16FD0} = {02EA681E-C7D8-13C7-8484-4AC65E1B71E8}
		{BBA3E7F2-C725-41D6-A66A-F11CC212776E} = {0AB3BF05-4346-4AA6-1389-037BE0695223}
		{83E29F5E-5186-466C-B1D8-D08EC3C854F7} = {0AB3BF05-4346-4AA6-1389-037BE0695223}
		{9ADB10D8-42B9-45DA-9C55-84721F638CE8} = {FBF56CC3-7AE6-AD2D-3F14-7F97FD322CD6}
		{D0D80E57-965D-48D7-A6E6-DFA1BAB7FFAA} = {DFEE68D8-A7D0-1A41-506C-9B74AA9A7B7B}
		{B5DA4D4E-C853-4A33-A43E-2BFA7BB8F86E} = {0AB3BF05-4346-4AA6-1389-037BE0695223}
		{1D2E47EB-F8BA-45AD-8FAC-6214B0790A59} = {0AB3BF05-4346-4AA6-1389-037BE0695223}
		{469FFD16-705E-4CBB-AF3A-B7E42DEBAD34} = {0AB3BF05-4346-4AA6-1389-037BE0695223}
		{DBF27F4F-2333-425E-B64F-F4A23C81C9EA} = {0AB3BF05-4346-4AA6-1389-037BE0695223}
		{F6521B6A-EDEA-4C54-B926-BC62C1E42B2F} = {0AB3BF05-4346-4AA6-1389-037BE0695223}
	EndGlobalSection
	GlobalSection(ExtensibilityGlobals) = postSolution
		SolutionGuid = {020E2629-6EDF-47F3-85CC-8C09F63AE269}
	EndGlobalSection
EndGlobal
