
Microsoft Visual Studio Solution File, Format Version 12.00
# Visual Studio Version 17
VisualStudioVersion = 17.13.35931.197
MinimumVisualStudioVersion = 10.0.40219.1
Project("{FAE04EC0-301F-11D3-BF4B-00C04F79EFBC}") = "Auth", "Auth\Auth.csproj", "{35DA9DBB-8AE3-412E-B878-D2DEAAE3780C}"
EndProject
Project("{FAE04EC0-301F-11D3-BF4B-00C04F79EFBC}") = "API", "API\API.csproj", "{F9222B91-99B7-2420-265D-E51F0CE78C78}"
EndProject
Project("{FAE04EC0-301F-11D3-BF4B-00C04F79EFBC}") = "Domain", "Libraries\Domain\Domain.csproj", "{6A98429B-D5D8-4402-AE99-4E58821457FE}"
EndProject
Project("{FAE04EC0-301F-11D3-BF4B-00C04F79EFBC}") = "Data", "Libraries\Data\Data.csproj", "{F7C27E7A-D309-42C8-96BB-9784C40E1B7D}"
EndProject
Project("{FAE04EC0-301F-11D3-BF4B-00C04F79EFBC}") = "Services", "Libraries\Services\Services.csproj", "{2BE511E7-EBA2-4368-957D-22EFFBD2E90B}"
EndProject
Project("{2150E333-8FDC-42A3-9474-1A3956D46DE8}") = "Libraries", "Libraries", "{02EA681E-C7D8-13C7-8484-4AC65E1B71E8}"
EndProject
Project("{FAE04EC0-301F-11D3-BF4B-00C04F79EFBC}") = "Shared", "Libraries\Shared\Shared.csproj", "{058229C0-9FCE-4313-80DA-D8082DCD77D9}"
EndProject
Global
	GlobalSection(SolutionConfigurationPlatforms) = preSolution
		Debug|Any CPU = Debug|Any CPU
		Debug|x64 = Debug|x64
		Debug|x86 = Debug|x86
		Release|Any CPU = Release|Any CPU
		Release|x64 = Release|x64
		Release|x86 = Release|x86
	EndGlobalSection
	GlobalSection(ProjectConfigurationPlatforms) = postSolution
		{35DA9DBB-8AE3-412E-B878-D2DEAAE3780C}.Debug|Any CPU.ActiveCfg = Debug|Any CPU
		{35DA9DBB-8AE3-412E-B878-D2DEAAE3780C}.Debug|Any CPU.Build.0 = Debug|Any CPU
		{35DA9DBB-8AE3-412E-B878-D2DEAAE3780C}.Debug|x64.ActiveCfg = Debug|Any CPU
		{35DA9DBB-8AE3-412E-B878-D2DEAAE3780C}.Debug|x64.Build.0 = Debug|Any CPU
		{35DA9DBB-8AE3-412E-B878-D2DEAAE3780C}.Debug|x86.ActiveCfg = Debug|Any CPU
		{35DA9DBB-8AE3-412E-B878-D2DEAAE3780C}.Debug|x86.Build.0 = Debug|Any CPU
		{35DA9DBB-8AE3-412E-B878-D2DEAAE3780C}.Release|Any CPU.ActiveCfg = Release|Any CPU
		{35DA9DBB-8AE3-412E-B878-D2DEAAE3780C}.Release|Any CPU.Build.0 = Release|Any CPU
		{35DA9DBB-8AE3-412E-B878-D2DEAAE3780C}.Release|x64.ActiveCfg = Release|Any CPU
		{35DA9DBB-8AE3-412E-B878-D2DEAAE3780C}.Release|x64.Build.0 = Release|Any CPU
		{35DA9DBB-8AE3-412E-B878-D2DEAAE3780C}.Release|x86.ActiveCfg = Release|Any CPU
		{35DA9DBB-8AE3-412E-B878-D2DEAAE3780C}.Release|x86.Build.0 = Release|Any CPU
		{F9222B91-99B7-2420-265D-E51F0CE78C78}.Debug|Any CPU.ActiveCfg = Debug|Any CPU
		{F9222B91-99B7-2420-265D-E51F0CE78C78}.Debug|Any CPU.Build.0 = Debug|Any CPU
		{F9222B91-99B7-2420-265D-E51F0CE78C78}.Debug|x64.ActiveCfg = Debug|Any CPU
		{F9222B91-99B7-2420-265D-E51F0CE78C78}.Debug|x64.Build.0 = Debug|Any CPU
		{F9222B91-99B7-2420-265D-E51F0CE78C78}.Debug|x86.ActiveCfg = Debug|Any CPU
		{F9222B91-99B7-2420-265D-E51F0CE78C78}.Debug|x86.Build.0 = Debug|Any CPU
		{F9222B91-99B7-2420-265D-E51F0CE78C78}.Release|Any CPU.ActiveCfg = Release|Any CPU
		{F9222B91-99B7-2420-265D-E51F0CE78C78}.Release|Any CPU.Build.0 = Release|Any CPU
		{F9222B91-99B7-2420-265D-E51F0CE78C78}.Release|x64.ActiveCfg = Release|Any CPU
		{F9222B91-99B7-2420-265D-E51F0CE78C78}.Release|x64.Build.0 = Release|Any CPU
		{F9222B91-99B7-2420-265D-E51F0CE78C78}.Release|x86.ActiveCfg = Release|Any CPU
		{F9222B91-99B7-2420-265D-E51F0CE78C78}.Release|x86.Build.0 = Release|Any CPU
		{6A98429B-D5D8-4402-AE99-4E58821457FE}.Debug|Any CPU.ActiveCfg = Debug|Any CPU
		{6A98429B-D5D8-4402-AE99-4E58821457FE}.Debug|Any CPU.Build.0 = Debug|Any CPU
		{6A98429B-D5D8-4402-AE99-4E58821457FE}.Debug|x64.ActiveCfg = Debug|Any CPU
		{6A98429B-D5D8-4402-AE99-4E58821457FE}.Debug|x64.Build.0 = Debug|Any CPU
		{6A98429B-D5D8-4402-AE99-4E58821457FE}.Debug|x86.ActiveCfg = Debug|Any CPU
		{6A98429B-D5D8-4402-AE99-4E58821457FE}.Debug|x86.Build.0 = Debug|Any CPU
		{6A98429B-D5D8-4402-AE99-4E58821457FE}.Release|Any CPU.ActiveCfg = Release|Any CPU
		{6A98429B-D5D8-4402-AE99-4E58821457FE}.Release|Any CPU.Build.0 = Release|Any CPU
		{6A98429B-D5D8-4402-AE99-4E58821457FE}.Release|x64.ActiveCfg = Release|Any CPU
		{6A98429B-D5D8-4402-AE99-4E58821457FE}.Release|x64.Build.0 = Release|Any CPU
		{6A98429B-D5D8-4402-AE99-4E58821457FE}.Release|x86.ActiveCfg = Release|Any CPU
		{6A98429B-D5D8-4402-AE99-4E58821457FE}.Release|x86.Build.0 = Release|Any CPU
		{F7C27E7A-D309-42C8-96BB-9784C40E1B7D}.Debug|Any CPU.ActiveCfg = Debug|Any CPU
		{F7C27E7A-D309-42C8-96BB-9784C40E1B7D}.Debug|Any CPU.Build.0 = Debug|Any CPU
		{F7C27E7A-D309-42C8-96BB-9784C40E1B7D}.Debug|x64.ActiveCfg = Debug|Any CPU
		{F7C27E7A-D309-42C8-96BB-9784C40E1B7D}.Debug|x64.Build.0 = Debug|Any CPU
		{F7C27E7A-D309-42C8-96BB-9784C40E1B7D}.Debug|x86.ActiveCfg = Debug|Any CPU
		{F7C27E7A-D309-42C8-96BB-9784C40E1B7D}.Debug|x86.Build.0 = Debug|Any CPU
		{F7C27E7A-D309-42C8-96BB-9784C40E1B7D}.Release|Any CPU.ActiveCfg = Release|Any CPU
		{F7C27E7A-D309-42C8-96BB-9784C40E1B7D}.Release|Any CPU.Build.0 = Release|Any CPU
		{F7C27E7A-D309-42C8-96BB-9784C40E1B7D}.Release|x64.ActiveCfg = Release|Any CPU
		{F7C27E7A-D309-42C8-96BB-9784C40E1B7D}.Release|x64.Build.0 = Release|Any CPU
		{F7C27E7A-D309-42C8-96BB-9784C40E1B7D}.Release|x86.ActiveCfg = Release|Any CPU
		{F7C27E7A-D309-42C8-96BB-9784C40E1B7D}.Release|x86.Build.0 = Release|Any CPU
		{2BE511E7-EBA2-4368-957D-22EFFBD2E90B}.Debug|Any CPU.ActiveCfg = Debug|Any CPU
		{2BE511E7-EBA2-4368-957D-22EFFBD2E90B}.Debug|Any CPU.Build.0 = Debug|Any CPU
		{2BE511E7-EBA2-4368-957D-22EFFBD2E90B}.Debug|x64.ActiveCfg = Debug|Any CPU
		{2BE511E7-EBA2-4368-957D-22EFFBD2E90B}.Debug|x64.Build.0 = Debug|Any CPU
		{2BE511E7-EBA2-4368-957D-22EFFBD2E90B}.Debug|x86.ActiveCfg = Debug|Any CPU
		{2BE511E7-EBA2-4368-957D-22EFFBD2E90B}.Debug|x86.Build.0 = Debug|Any CPU
		{2BE511E7-EBA2-4368-957D-22EFFBD2E90B}.Release|Any CPU.ActiveCfg = Release|Any CPU
		{2BE511E7-EBA2-4368-957D-22EFFBD2E90B}.Release|Any CPU.Build.0 = Release|Any CPU
		{2BE511E7-EBA2-4368-957D-22EFFBD2E90B}.Release|x64.ActiveCfg = Release|Any CPU
		{2BE511E7-EBA2-4368-957D-22EFFBD2E90B}.Release|x64.Build.0 = Release|Any CPU
		{2BE511E7-EBA2-4368-957D-22EFFBD2E90B}.Release|x86.ActiveCfg = Release|Any CPU
		{2BE511E7-EBA2-4368-957D-22EFFBD2E90B}.Release|x86.Build.0 = Release|Any CPU
		{058229C0-9FCE-4313-80DA-D8082DCD77D9}.Debug|Any CPU.ActiveCfg = Debug|Any CPU
		{058229C0-9FCE-4313-80DA-D8082DCD77D9}.Debug|Any CPU.Build.0 = Debug|Any CPU
		{058229C0-9FCE-4313-80DA-D8082DCD77D9}.Debug|x64.ActiveCfg = Debug|Any CPU
		{058229C0-9FCE-4313-80DA-D8082DCD77D9}.Debug|x64.Build.0 = Debug|Any CPU
		{058229C0-9FCE-4313-80DA-D8082DCD77D9}.Debug|x86.ActiveCfg = Debug|Any CPU
		{058229C0-9FCE-4313-80DA-D8082DCD77D9}.Debug|x86.Build.0 = Debug|Any CPU
		{058229C0-9FCE-4313-80DA-D8082DCD77D9}.Release|Any CPU.ActiveCfg = Release|Any CPU
		{058229C0-9FCE-4313-80DA-D8082DCD77D9}.Release|Any CPU.Build.0 = Release|Any CPU
		{058229C0-9FCE-4313-80DA-D8082DCD77D9}.Release|x64.ActiveCfg = Release|Any CPU
		{058229C0-9FCE-4313-80DA-D8082DCD77D9}.Release|x64.Build.0 = Release|Any CPU
		{058229C0-9FCE-4313-80DA-D8082DCD77D9}.Release|x86.ActiveCfg = Release|Any CPU
		{058229C0-9FCE-4313-80DA-D8082DCD77D9}.Release|x86.Build.0 = Release|Any CPU
	EndGlobalSection
	GlobalSection(SolutionProperties) = preSolution
		HideSolutionNode = FALSE
	EndGlobalSection
	GlobalSection(NestedProjects) = preSolution
		{6A98429B-D5D8-4402-AE99-4E58821457FE} = {02EA681E-C7D8-13C7-8484-4AC65E1B71E8}
		{F7C27E7A-D309-42C8-96BB-9784C40E1B7D} = {02EA681E-C7D8-13C7-8484-4AC65E1B71E8}
		{2BE511E7-EBA2-4368-957D-22EFFBD2E90B} = {02EA681E-C7D8-13C7-8484-4AC65E1B71E8}
		{058229C0-9FCE-4313-80DA-D8082DCD77D9} = {02EA681E-C7D8-13C7-8484-4AC65E1B71E8}
	EndGlobalSection
	GlobalSection(ExtensibilityGlobals) = postSolution
		SolutionGuid = {020E2629-6EDF-47F3-85CC-8C09F63AE269}
	EndGlobalSection
EndGlobal
